
Microsoft Visual Studio Solution File, Format Version 12.00
# Visual Studio Version 16
VisualStudioVersion = 16.0.31911.196
MinimumVisualStudioVersion = 10.0.40219.1
Project("{8BC9CEB8-8B4A-11D0-8D11-00A0C91BC942}") = "Labyrinth", "Labyrinth.vcxproj", "{3210CB76-A7FE-4F52-B551-5BC46230EDAF}"
EndProject
Project("{8BC9CEB8-8B4A-11D0-8D11-00A0C91BC942}") = "LevelEditor", "..\LevelEditor\LevelEditor.vcxproj", "{81C76AC8-CD3A-4DCD-AE65-01E94E518F4D}"
EndProject
Global
	GlobalSection(SolutionConfigurationPlatforms) = preSolution
		Debug|x64 = Debug|x64
		Debug|x86 = Debug|x86
		Release|x64 = Release|x64
		Release|x86 = Release|x86
	EndGlobalSection
	GlobalSection(ProjectConfigurationPlatforms) = postSolution
		{3210CB76-A7FE-4F52-B551-5BC46230EDAF}.Debug|x64.ActiveCfg = Debug|x64
		{3210CB76-A7FE-4F52-B551-5BC46230EDAF}.Debug|x64.Build.0 = Debug|x64
		{3210CB76-A7FE-4F52-B551-5BC46230EDAF}.Debug|x86.ActiveCfg = Debug|Win32
		{3210CB76-A7FE-4F52-B551-5BC46230EDAF}.Debug|x86.Build.0 = Debug|Win32
		{3210CB76-A7FE-4F52-B551-5BC46230EDAF}.Release|x64.ActiveCfg = Release|x64
		{3210CB76-A7FE-4F52-B551-5BC46230EDAF}.Release|x64.Build.0 = Release|x64
		{3210CB76-A7FE-4F52-B551-5BC46230EDAF}.Release|x86.ActiveCfg = Release|Win32
		{3210CB76-A7FE-4F52-B551-5BC46230EDAF}.Release|x86.Build.0 = Release|Win32
		{81C76AC8-CD3A-4DCD-AE65-01E94E518F4D}.Debug|x64.ActiveCfg = Debug|x64
		{81C76AC8-CD3A-4DCD-AE65-01E94E518F4D}.Debug|x64.Build.0 = Debug|x64
		{81C76AC8-CD3A-4DCD-AE65-01E94E518F4D}.Debug|x86.ActiveCfg = Debug|Win32
		{81C76AC8-CD3A-4DCD-AE65-01E94E518F4D}.Debug|x86.Build.0 = Debug|Win32
		{81C76AC8-CD3A-4DCD-AE65-01E94E518F4D}.Release|x64.ActiveCfg = Release|x64
		{81C76AC8-CD3A-4DCD-AE65-01E94E518F4D}.Release|x64.Build.0 = Release|x64
		{81C76AC8-CD3A-4DCD-AE65-01E94E518F4D}.Release|x86.ActiveCfg = Release|Win32
		{81C76AC8-CD3A-4DCD-AE65-01E94E518F4D}.Release|x86.Build.0 = Release|Win32
	EndGlobalSection
	GlobalSection(SolutionProperties) = preSolution
		HideSolutionNode = FALSE
	EndGlobalSection
	GlobalSection(ExtensibilityGlobals) = postSolution
		SolutionGuid = {AF7BB5E4-EC7A-43B9-89E4-2DF2BF925962}
	EndGlobalSection
EndGlobal
